version: 1
checksums:
  4188a166aad2705b4f09401f924502ed:
    title: eebd217557843b98ba5a0f001ab786b4
    subtitle: 1847bdd2b76859c320796242d216b002
    contents: 34a51304c7ab31d4298dab586a750ebd
    categories/aiPowered/title: e36da7e12eaf440ea80843e9b89ce263
    categories/aiPowered/description: fda195f90f0cf6eb22fbe4657c6b3753
    categories/aiPowered/tools/runable: 37d5e33f3ee93d08755da06f0e1ede2a
    categories/aiPowered/tools/gamma: 6c91b44a9f6004879c307eb3509eeada
    categories/aiPowered/tools/tome: 29a61af0f437245ece86d839370996d2
    categories/aiPowered/tools/beautifulai: b52ab84b261154ee504d885318c54891
    categories/aiPowered/tools/decktopus: df56f58b9aeb3bdedad9a147381e48bd
    categories/aiPowered/tools/slidesai: 3f7509b6b50b6f1b60f74bd9eaa3f479
    categories/aiPowered/tools/genppt: b2ae18767b6560e94f7e671d5a30cb52
    categories/aiPowered/tools/slidesgo: 023121c1bea84a8684eb77f3f7f05331
    categories/aiPowered/tools/presentationsai: 36e45b19c4c9c955d272516d1e8ea79e
    categories/aiPowered/tools/plusai: 21de3e89f0a71413a5a9eb2db4934064
    categories/aiPowered/tools/simplified: 5fefcb0d193909fbb99d43dfc4a25569
    categories/aiPowered/tools/designsai: 26c9f7c332027a5466088f5cb985564a
    categories/aiPowered/tools/slideoo: a6c32b34e64e3c482b03f02c993c1c8a
    categories/aiPowered/tools/popai: c806e1adad71c27334baa4e970f969a4
    categories/aiPowered/tools/kromaai: 1065ae6043d2f8c5e05ef30c6dcc1148
    categories/aiEnterprise/title: c7555ef7072cecea6cac6089fdb8c91f
    categories/aiEnterprise/description: dbb9fa859c5fdf487267b43f4a1bf10f
    categories/aiEnterprise/tools/prezent: a6620774fbc6d36e1246ab032f3b0bdc
    categories/aiEnterprise/tools/storydoc: 2bad4d8c0a88da10e3b09a29e76ebbb7
    categories/aiEnterprise/tools/preziai: 08cc720d19db7fb816e39374222eff9d
    categories/aiEnterprise/tools/curipod: 68d79b0eb9646fd261fe6d2e547ad3c7
    categories/webBased/title: 7b5b2f7d28754f8abd9cabd857557973
    categories/webBased/description: e550e22fcba46f735c7da078bd4b0032
    categories/webBased/tools/pitch: 6a39fd21497f55a687a85da40011d4ff
    categories/webBased/tools/canva: d8e8ff7331f4eece3ec4bd3060daac1a
    categories/webBased/tools/googleslides: 7ca93c121c95f09e7f05166ddb236c8d
    categories/webBased/tools/visme: e46998cef49af9aaf7fe0c3b9d9e3543
    categories/webBased/tools/slidebean: bba71a0146fb6eb84cdc4423c34718d9
    categories/webBased/tools/powerpoint: 79206bec8af78d189c2315cc5bc23684
    categories/webBased/tools/zohoshow: 824145000fd6c13cacc4a63dda4b5829
    categories/webBased/tools/slides: c267dc37065c17d37988986e58616e0b
    categories/webBased/tools/swipe: 7c7b65d10630b2153149ff4b55f51d95
    categories/webBased/tools/emaze: 101bc2777bced94b807d4c148a37302a
    categories/webBased/tools/genially: 9de5aa051c06b7d47e30fa54f1c8a9d2
    categories/developer/title: e3251974428ca2c2f477161e115a7721
    categories/developer/description: 06ca7863688e635258c2bee0cd0a1615
    categories/developer/tools/slidev: dac427e164e2f31434d23cd8aba27dcb
    categories/developer/tools/revealjs: 7bf3aee2adbba5013d58bdb9d53a1e59
    categories/developer/tools/marp: 2f343010185759b62e214187108828c3
    categories/developer/tools/remarkjs: 6e3244836906a862b1b49a64106f8092
    categories/developer/tools/mdxdeck: 8b3ad7349e3780b6e7897834880b2614
    categories/developer/tools/spectacle: 8ef217c3568029f94195dbc1ff6c3ba1
    categories/developer/tools/fusuma: 429ab0dc378c2fd928dc753843528ea4
    categories/developer/tools/deckset: 7fb3d9879745f8bf2cae965810211746
    categories/developer/tools/cleaver: b9e1ff4f6f02c91482263bbb7bb7da2c
    categories/developer/tools/hackerslides: 21ee12b4be7a3815b6ec6daa679bdf30
    categories/developer/tools/pandoc: 09a9d2c45fc6e6998773153b1efbc58b
    categories/developer/tools/backslide: fa6986cd5e029cfde8c67ddb515c99a0
    categories/developer/tools/slido: 81986e243ee0350565ed2eac363a3f78
    categories/visual/title: 5e2eb3d33a58113d57b22edc088528b2
    categories/visual/description: cac82e5babbfc6c81d9b9b2e6c08e58b
    categories/visual/tools/prezi: 7cc089d6a5ef48e9d47c3698b3c13a29
    categories/visual/tools/ludus: 2405401084a63a623c763bc0eb3a73a1
    categories/visual/tools/haikudeck: 745c7a4ce570f13adb146ceeecc8dceb
    categories/visual/tools/powtoon: 0377c6310db56e711a1fff6f64302e76
    categories/visual/tools/vyond: 458d576c848fd5e2a9cacbb2184e3499
    categories/visual/tools/animaker: f3fd50ea7175642082343a0202b3e4ef
    categories/visual/tools/vevox: faf124cbc29c48015392663989f23eb5
    categories/visual/tools/peardeck: e5270ed17980d599d863309d8e551e25
    categories/visual/tools/mentimeter: 81dc232ee7b17317344537db85afae82
    categories/visual/tools/kahoot: 74783a91a0480fce8eba5ddb5b023419
    categories/visual/tools/nearpod: 14b5e737a4088b951c233c53a833802a
    categories/visual/tools/ahaslides: f322b54eec8eef486380247091040de2
    categories/visual/tools/polleverywhere: ff558174dcb6a7aa88945e7f6dfb6720
    categories/visual/tools/wooclap: a11534d5bea496f41d6037df308ff5e3
    categories/dataViz/title: 189a97221745b82a262160f5cb56174e
    categories/dataViz/description: 205f32c3ce638264e064a0dd8cd282dd
    categories/dataViz/tools/thinkcell: dfb72f5e66f3409edf94f97bea2ab2f7
    categories/dataViz/tools/infogram: 26e7af6db5e4c479e6715a3ee74e3664
    categories/dataViz/tools/datawrapper: b99758df50001daf8cbdb66a96f955a9
    categories/dataViz/tools/flourish: f13542ec51d31a3397e8e4dff6d27e15
    categories/dataViz/tools/tableaupublic: 2d93f3fb37a5d12627c2f2fea5f7acdd
    categories/dataViz/tools/powerbi: 2204e9840d5a05d856ed58fd22ae0468
    categories/dataViz/tools/lookerstudio: d24e77ad4fc505b7e6093cd0b4a67907
    categories/dataViz/tools/chartblocks: 6e9721a938ae30be94ee37727c3ef4cb
    categories/dataViz/tools/rawgraphs: 4e65c5cde677af98cf561a691d08c9b5
    categories/dataViz/tools/plotly: 48942815a1e296723ecdeb9bfef4475e
    categories/specialized/title: a70d03a3b36ac098d4e70a04c8cfe99b
    categories/specialized/tools/keynote: 004ebdc1663e10cdfb94dd0ab0de338e
    categories/specialized/tools/libreoffice: 1aa7aa37453bb1735d49e580e0b5598c
    categories/specialized/tools/openoffice: c6169c13785151cf11b6f3fa734c5846
    categories/specialized/tools/beamer: 64f5cea780cfd8e39ec1419ef36e1971
    categories/specialized/tools/pitchdeck: 583d02ce809a7746663eff9f72ea178d
    categories/specialized/tools/slidedog: 32021d0561832c3022565e85f692d713
    categories/specialized/tools/mmhmm: 12707a0db3f5d41d3a34c9163cb92b26
    categories/specialized/tools/obsidian: 569173bcd09b82f6477a312969ad3e94
    categories/specialized/tools/notion: 34c87977061419203430e780f9e51a1e
    categories/specialized/tools/coda: 8403f6d25e934ac8802c0df40920bdc0
    categories/specialized/tools/omnigraffle: 302291e2419a658db3e8e37292d4a4c6
    categories/specialized/tools/miro: 4cbebd645ffae43751b49936e5d9e6be
    categories/specialized/tools/figjam: 2a9a6fa0b64197e491607b069728c2ba
    categories/mobile/title: 9a30b153b79151dc55ea8e86099cc9da
    categories/mobile/tools/googleslidesmobile: 1f83d75480bbbaeaea3116aa4872f375
    categories/mobile/tools/powerpointmobile: b70b56352458947d30481196ea2443a0
    categories/mobile/tools/canvamobile: 53374fac1eeb4151cc16a0dc2fe3085c
    categories/mobile/tools/keynoteios: 2b5c98ec7dd0afaebbe865103f2a417a
    categories/openSource/title: ac71f6b439188c67b533d22a32e052be
    categories/openSource/tools/impressjs: 21f36859c6c8d4a979cd575cb250e5d9
    categories/openSource/tools/shower: 67e97911d6ea48e24244c627a2e5539f
    categories/openSource/tools/gitpitch: 9c7c6eed69ccea1dcbfd052a0bda37bb
    categories/openSource/tools/pptxjs: 730de024e980d694b53761a39e813b70
    categories/openSource/tools/big: 2a153d059d6ef0970d2642e2807c0df5
    categories/openSource/tools/bespokejs: 63e6610f2a83d9f6bf75fef712b70790
    categories/openSource/tools/webslides: 0fe274755200f645bd88a293cfe18d49
    categories/openSource/tools/sent: 3d8120d9c7ddc42a286488a407c0f53c
    categories/openSource/tools/landslide: a14e08812162d6bf950fc998018ba69a
    categories/openSource/tools/hovercraft: d9783ebf12597b1eca36c94136ddb382
    categories/openSource/tools/patat: 0e85703b5f71611da5334521918b8aa7
    categories/plugins/title: fd99b0711906e8f0604cb613d0ff0307
    categories/plugins/description: 3d00b7ab5498efd09f25ed514f56c253
    categories/plugins/tools/copilotpro: 3767f8c8c1f8eeec9c104d5d53e8da41
    categories/plugins/tools/gemini: bc8023f0b4da3563d1ed942a9e509fee
    categories/plugins/tools/marpvscode: 3b1db5ff9f420c0b35fed124e24cca16
    categories/plugins/tools/revealjsplugins: 86a812df5af12402d8cfb0a7bafe5518
    contribute/title: d0ef249dffa01dc9851b9e436e562349
    contribute/text: 18f117a865770491b02ac1cfc232bc4a
